
Microsoft Visual Studio Solution File, Format Version 12.00
# Visual Studio Version 17
VisualStudioVersion = 17.9.34714.143
MinimumVisualStudioVersion = 10.0.40219.1
Project("{9A19103F-16F7-4668-BE54-9A1E7A4F7556}") = "WebApplication1", "WebApplication1\WebApplication1.csproj", "{1293B5E4-EB0A-4136-B862-96DF6904904A}"
EndProject
Project("{FAE04EC0-301F-11D3-BF4B-00C04F79EFBC}") = "WebApplication2.UI", "WebApplication2.UI\WebApplication2.UI.csproj", "{0ED3CDBA-F8F0-46D9-A2C4-0AF3E966C83E}"
EndProject
Global
	GlobalSection(SolutionConfigurationPlatforms) = preSolution
		Debug|Any CPU = Debug|Any CPU
		Release|Any CPU = Release|Any CPU
	EndGlobalSection
	GlobalSection(ProjectConfigurationPlatforms) = postSolution
		{1293B5E4-EB0A-4136-B862-96DF6904904A}.Debug|Any CPU.ActiveCfg = Debug|Any CPU
		{1293B5E4-EB0A-4136-B862-96DF6904904A}.Debug|Any CPU.Build.0 = Debug|Any CPU
		{1293B5E4-EB0A-4136-B862-96DF6904904A}.Release|Any CPU.ActiveCfg = Release|Any CPU
		{1293B5E4-EB0A-4136-B862-96DF6904904A}.Release|Any CPU.Build.0 = Release|Any CPU
		{0ED3CDBA-F8F0-46D9-A2C4-0AF3E966C83E}.Debug|Any CPU.ActiveCfg = Debug|Any CPU
		{0ED3CDBA-F8F0-46D9-A2C4-0AF3E966C83E}.Debug|Any CPU.Build.0 = Debug|Any CPU
		{0ED3CDBA-F8F0-46D9-A2C4-0AF3E966C83E}.Release|Any CPU.ActiveCfg = Release|Any CPU
		{0ED3CDBA-F8F0-46D9-A2C4-0AF3E966C83E}.Release|Any CPU.Build.0 = Release|Any CPU
	EndGlobalSection
	GlobalSection(SolutionProperties) = preSolution
		HideSolutionNode = FALSE
	EndGlobalSection
	GlobalSection(ExtensibilityGlobals) = postSolution
		SolutionGuid = {086D27A0-8A3E-4ED4-BC67-BC774E7B91FC}
	EndGlobalSection
EndGlobal
